
Microsoft Visual Studio Solution File, Format Version 12.00
# Visual Studio Version 17
VisualStudioVersion = 17.12.35707.178
MinimumVisualStudioVersion = 10.0.40219.1
Project("{FAE04EC0-301F-11D3-BF4B-00C04F79EFBC}") = "ContactsRegistrationService.Api", "ContactsRegistrationService.Api\ContactsRegistrationService.Api.csproj", "{C4899CDB-B9CA-49B0-A3FE-FE7C8F01D639}"
EndProject
Project("{FAE04EC0-301F-11D3-BF4B-00C04F79EFBC}") = "ContactsPersistenceService.Consumer", "ContactsPersistenceService.Consumer\ContactsPersistenceService.Consumer.csproj", "{49194043-0279-40D7-921B-F33CB03698A7}"
EndProject
Project("{FAE04EC0-301F-11D3-BF4B-00C04F79EFBC}") = "Contacts.Shared", "Contacts.Shared\Contacts.Shared.csproj", "{7D7FE08D-AA3C-44B8-8884-347CD4419BE6}"
EndProject
Project("{FAE04EC0-301F-11D3-BF4B-00C04F79EFBC}") = "Contacts.Shared.UnitTests", "tests\Contacts.Shared.UnitTests\Contacts.Shared.UnitTests.csproj", "{298475FF-533B-4C3E-A925-084870A76E22}"
EndProject
Project("{2150E333-8FDC-42A3-9474-1A3956D46DE8}") = "test", "test", "{761A9B33-E65F-4B3A-B451-C06B81FBAD33}"
EndProject
Project("{2150E333-8FDC-42A3-9474-1A3956D46DE8}") = "src", "src", "{FEDB9A73-A6F7-4E20-BED5-5AFBAAA00C2A}"
EndProject
Project("{FAE04EC0-301F-11D3-BF4B-00C04F79EFBC}") = "ContactsPersistenteService.Consumer.UnitTests", "tests\ContactsPersistenteService.Consumer.UnitTests\ContactsPersistenteService.Consumer.UnitTests.csproj", "{F213D6A8-720F-4A2B-AC53-3D01C5C4F168}"
EndProject
Project("{FAE04EC0-301F-11D3-BF4B-00C04F79EFBC}") = "ContactsRegistrationService.API.Tests", "tests\ContactsRegistrationService.API.Tests\ContactsRegistrationService.API.Tests.csproj", "{01CBB015-459F-4864-B41E-8EAC2215B4FC}"
EndProject
Global
	GlobalSection(SolutionConfigurationPlatforms) = preSolution
		Debug|Any CPU = Debug|Any CPU
		Release|Any CPU = Release|Any CPU
	EndGlobalSection
	GlobalSection(ProjectConfigurationPlatforms) = postSolution
		{C4899CDB-B9CA-49B0-A3FE-FE7C8F01D639}.Debug|Any CPU.ActiveCfg = Debug|Any CPU
		{C4899CDB-B9CA-49B0-A3FE-FE7C8F01D639}.Debug|Any CPU.Build.0 = Debug|Any CPU
		{C4899CDB-B9CA-49B0-A3FE-FE7C8F01D639}.Release|Any CPU.ActiveCfg = Release|Any CPU
		{C4899CDB-B9CA-49B0-A3FE-FE7C8F01D639}.Release|Any CPU.Build.0 = Release|Any CPU
		{49194043-0279-40D7-921B-F33CB03698A7}.Debug|Any CPU.ActiveCfg = Debug|Any CPU
		{49194043-0279-40D7-921B-F33CB03698A7}.Debug|Any CPU.Build.0 = Debug|Any CPU
		{49194043-0279-40D7-921B-F33CB03698A7}.Release|Any CPU.ActiveCfg = Release|Any CPU
		{49194043-0279-40D7-921B-F33CB03698A7}.Release|Any CPU.Build.0 = Release|Any CPU
		{7D7FE08D-AA3C-44B8-8884-347CD4419BE6}.Debug|Any CPU.ActiveCfg = Debug|Any CPU
		{7D7FE08D-AA3C-44B8-8884-347CD4419BE6}.Debug|Any CPU.Build.0 = Debug|Any CPU
		{7D7FE08D-AA3C-44B8-8884-347CD4419BE6}.Release|Any CPU.ActiveCfg = Release|Any CPU
		{7D7FE08D-AA3C-44B8-8884-347CD4419BE6}.Release|Any CPU.Build.0 = Release|Any CPU
		{298475FF-533B-4C3E-A925-084870A76E22}.Debug|Any CPU.ActiveCfg = Debug|Any CPU
		{298475FF-533B-4C3E-A925-084870A76E22}.Debug|Any CPU.Build.0 = Debug|Any CPU
		{298475FF-533B-4C3E-A925-084870A76E22}.Release|Any CPU.ActiveCfg = Release|Any CPU
		{298475FF-533B-4C3E-A925-084870A76E22}.Release|Any CPU.Build.0 = Release|Any CPU
		{F213D6A8-720F-4A2B-AC53-3D01C5C4F168}.Debug|Any CPU.ActiveCfg = Debug|Any CPU
		{F213D6A8-720F-4A2B-AC53-3D01C5C4F168}.Debug|Any CPU.Build.0 = Debug|Any CPU
		{F213D6A8-720F-4A2B-AC53-3D01C5C4F168}.Release|Any CPU.ActiveCfg = Release|Any CPU
		{F213D6A8-720F-4A2B-AC53-3D01C5C4F168}.Release|Any CPU.Build.0 = Release|Any CPU
		{01CBB015-459F-4864-B41E-8EAC2215B4FC}.Debug|Any CPU.ActiveCfg = Debug|Any CPU
		{01CBB015-459F-4864-B41E-8EAC2215B4FC}.Debug|Any CPU.Build.0 = Debug|Any CPU
		{01CBB015-459F-4864-B41E-8EAC2215B4FC}.Release|Any CPU.ActiveCfg = Release|Any CPU
		{01CBB015-459F-4864-B41E-8EAC2215B4FC}.Release|Any CPU.Build.0 = Release|Any CPU
	EndGlobalSection
	GlobalSection(SolutionProperties) = preSolution
		HideSolutionNode = FALSE
	EndGlobalSection
	GlobalSection(NestedProjects) = preSolution
		{C4899CDB-B9CA-49B0-A3FE-FE7C8F01D639} = {FEDB9A73-A6F7-4E20-BED5-5AFBAAA00C2A}
		{49194043-0279-40D7-921B-F33CB03698A7} = {FEDB9A73-A6F7-4E20-BED5-5AFBAAA00C2A}
		{7D7FE08D-AA3C-44B8-8884-347CD4419BE6} = {FEDB9A73-A6F7-4E20-BED5-5AFBAAA00C2A}
		{298475FF-533B-4C3E-A925-084870A76E22} = {761A9B33-E65F-4B3A-B451-C06B81FBAD33}
		{F213D6A8-720F-4A2B-AC53-3D01C5C4F168} = {761A9B33-E65F-4B3A-B451-C06B81FBAD33}
		{01CBB015-459F-4864-B41E-8EAC2215B4FC} = {761A9B33-E65F-4B3A-B451-C06B81FBAD33}
	EndGlobalSection
EndGlobal
